
Microsoft Visual Studio Solution File, Format Version 12.00
# Visual Studio 2013
VisualStudioVersion = 12.0.31101.0
MinimumVisualStudioVersion = 10.0.40219.1
Project("{8BC9CEB8-8B4A-11D0-8D11-00A0C91BC942}") = "ME Engine", "ME Engine\ME Engine.vcxproj", "{0201B1A7-66FE-491F-BF29-8889FC749E50}"
EndProject
Project("{8BC9CEB8-8B4A-11D0-8D11-00A0C91BC942}") = "Rendering Module", "Rendering Module\Rendering Module.vcxproj", "{034E3899-B0F7-4CF5-9182-835FF3F5247F}"
EndProject
Project("{8BC9CEB8-8B4A-11D0-8D11-00A0C91BC942}") = "Physics Module", "Physics Module\Physics Module.vcxproj", "{BB0AEC98-74C3-49A0-9EC4-03595C71B035}"
EndProject
Project("{8BC9CEB8-8B4A-11D0-8D11-00A0C91BC942}") = "Level Module", "Level Module\Level Module.vcxproj", "{A5309C17-15AE-4DB9-9DBD-58DE1151059E}"
EndProject
Project("{8BC9CEB8-8B4A-11D0-8D11-00A0C91BC942}") = "TestProjectClient", "TestProjectClient\TestProjectClient.vcxproj", "{CE34A42E-F5D1-46BE-BE1D-569E00D162C9}"
EndProject
Global
	GlobalSection(SolutionConfigurationPlatforms) = preSolution
		Debug|Win32 = Debug|Win32
		Release|Win32 = Release|Win32
	EndGlobalSection
	GlobalSection(ProjectConfigurationPlatforms) = postSolution
		{0201B1A7-66FE-491F-BF29-8889FC749E50}.Debug|Win32.ActiveCfg = Debug|Win32
		{0201B1A7-66FE-491F-BF29-8889FC749E50}.Debug|Win32.Build.0 = Debug|Win32
		{0201B1A7-66FE-491F-BF29-8889FC749E50}.Release|Win32.ActiveCfg = Release|Win32
		{0201B1A7-66FE-491F-BF29-8889FC749E50}.Release|Win32.Build.0 = Release|Win32
		{034E3899-B0F7-4CF5-9182-835FF3F5247F}.Debug|Win32.ActiveCfg = Debug|Win32
		{034E3899-B0F7-4CF5-9182-835FF3F5247F}.Debug|Win32.Build.0 = Debug|Win32
		{034E3899-B0F7-4CF5-9182-835FF3F5247F}.Release|Win32.ActiveCfg = Release|Win32
		{034E3899-B0F7-4CF5-9182-835FF3F5247F}.Release|Win32.Build.0 = Release|Win32
		{BB0AEC98-74C3-49A0-9EC4-03595C71B035}.Debug|Win32.ActiveCfg = Debug|Win32
		{BB0AEC98-74C3-49A0-9EC4-03595C71B035}.Debug|Win32.Build.0 = Debug|Win32
		{BB0AEC98-74C3-49A0-9EC4-03595C71B035}.Release|Win32.ActiveCfg = Release|Win32
		{BB0AEC98-74C3-49A0-9EC4-03595C71B035}.Release|Win32.Build.0 = Release|Win32
		{A5309C17-15AE-4DB9-9DBD-58DE1151059E}.Debug|Win32.ActiveCfg = Debug|Win32
		{A5309C17-15AE-4DB9-9DBD-58DE1151059E}.Debug|Win32.Build.0 = Debug|Win32
		{A5309C17-15AE-4DB9-9DBD-58DE1151059E}.Release|Win32.ActiveCfg = Release|Win32
		{A5309C17-15AE-4DB9-9DBD-58DE1151059E}.Release|Win32.Build.0 = Release|Win32
		{CE34A42E-F5D1-46BE-BE1D-569E00D162C9}.Debug|Win32.ActiveCfg = Debug|Win32
		{CE34A42E-F5D1-46BE-BE1D-569E00D162C9}.Debug|Win32.Build.0 = Debug|Win32
		{CE34A42E-F5D1-46BE-BE1D-569E00D162C9}.Release|Win32.ActiveCfg = Release|Win32
		{CE34A42E-F5D1-46BE-BE1D-569E00D162C9}.Release|Win32.Build.0 = Release|Win32
	EndGlobalSection
	GlobalSection(SolutionProperties) = preSolution
		HideSolutionNode = FALSE
	EndGlobalSection
EndGlobal
