
Microsoft Visual Studio Solution File, Format Version 11.00
# Visual Studio 2010
Project("{8BC9CEB8-8B4A-11D0-8D11-00A0C91BC942}") = "Bullet3Common", "Bullet3Common.vcxproj", "{117CC784-5FAB-BD43-A0B4-7A20030C083D}"
EndProject
Project("{8BC9CEB8-8B4A-11D0-8D11-00A0C91BC942}") = "Bullet3Geometry", "Bullet3Geometry.vcxproj", "{40E8E96B-0954-8B4D-BE52-2A6CA6186694}"
EndProject
Project("{8BC9CEB8-8B4A-11D0-8D11-00A0C91BC942}") = "Bullet3Collision", "Bullet3Collision.vcxproj", "{07501E17-51B5-A747-A052-9A7550339695}"
EndProject
Project("{8BC9CEB8-8B4A-11D0-8D11-00A0C91BC942}") = "Bullet3Dynamics", "Bullet3Dynamics.vcxproj", "{CE3D209A-993E-4943-994B-CFC011C711A8}"
EndProject
Project("{8BC9CEB8-8B4A-11D0-8D11-00A0C91BC942}") = "Bullet3OpenCL_clew", "Bullet3OpenCL_clew.vcxproj", "{CB3F626D-5A55-024E-973E-E14E292AACC1}"
EndProject
Project("{8BC9CEB8-8B4A-11D0-8D11-00A0C91BC942}") = "Bullet2FileLoader", "Bullet2FileLoader.vcxproj", "{994FD754-C7B0-924E-A620-E0FB0C95400B}"
EndProject
Project("{8BC9CEB8-8B4A-11D0-8D11-00A0C91BC942}") = "HACD", "HACD.vcxproj", "{AAC7EADF-B7EA-5043-A16E-D3488929D738}"
EndProject
Project("{8BC9CEB8-8B4A-11D0-8D11-00A0C91BC942}") = "ConvexDecomposition", "ConvexDecomposition.vcxproj", "{B19A7BD0-F536-B04E-AF72-AE154D1B9570}"
EndProject
Project("{8BC9CEB8-8B4A-11D0-8D11-00A0C91BC942}") = "BulletInverseDynamicsUtils", "BulletInverseDynamicsUtils.vcxproj", "{3D6603D8-5768-134F-9C9A-E36BD5DDE7C6}"
EndProject
Project("{8BC9CEB8-8B4A-11D0-8D11-00A0C91BC942}") = "BulletFileLoader", "BulletFileLoader.vcxproj", "{3B816DFB-1E48-6249-A32E-95DCA476C852}"
EndProject
Project("{8BC9CEB8-8B4A-11D0-8D11-00A0C91BC942}") = "BulletWorldImporter", "BulletWorldImporter.vcxproj", "{E1EE5DF2-6FE6-7640-B6AC-97B593AE437C}"
EndProject
Project("{8BC9CEB8-8B4A-11D0-8D11-00A0C91BC942}") = "BulletXmlWorldImporter", "BulletXmlWorldImporter.vcxproj", "{DF3557F2-7E14-FA43-B854-3826595EA0E5}"
EndProject
Project("{8BC9CEB8-8B4A-11D0-8D11-00A0C91BC942}") = "App_ExampleBrowser", "App_ExampleBrowser.vcxproj", "{CE835817-25B8-D144-8495-721C55776251}"
	ProjectSection(ProjectDependencies) = postProject
		{8C65C630-534E-214F-B00A-DF365E33DCC9} = {8C65C630-534E-214F-B00A-DF365E33DCC9}
		{F511B651-05ED-384F-821B-E651E554E989} = {F511B651-05ED-384F-821B-E651E554E989}
		{CF06A09B-1078-F947-B0DD-A6D92CB59AAB} = {CF06A09B-1078-F947-B0DD-A6D92CB59AAB}
		{3D6603D8-5768-134F-9C9A-E36BD5DDE7C6} = {3D6603D8-5768-134F-9C9A-E36BD5DDE7C6}
		{0291C683-F8FA-D249-B119-E8C31F3D23B3} = {0291C683-F8FA-D249-B119-E8C31F3D23B3}
		{9D1BDE2F-87CD-144F-9CD4-9C34DACF162C} = {9D1BDE2F-87CD-144F-9CD4-9C34DACF162C}
		{EF6BD97B-32F1-AE4E-975B-BEC5D6BFBACA} = {EF6BD97B-32F1-AE4E-975B-BEC5D6BFBACA}
		{88E83EF1-31F9-D147-A8EA-F9F5C1A1A214} = {88E83EF1-31F9-D147-A8EA-F9F5C1A1A214}
		{117CC784-5FAB-BD43-A0B4-7A20030C083D} = {117CC784-5FAB-BD43-A0B4-7A20030C083D}
		{CB3F626D-5A55-024E-973E-E14E292AACC1} = {CB3F626D-5A55-024E-973E-E14E292AACC1}
		{CE3D209A-993E-4943-994B-CFC011C711A8} = {CE3D209A-993E-4943-994B-CFC011C711A8}
		{07501E17-51B5-A747-A052-9A7550339695} = {07501E17-51B5-A747-A052-9A7550339695}
		{40E8E96B-0954-8B4D-BE52-2A6CA6186694} = {40E8E96B-0954-8B4D-BE52-2A6CA6186694}
	EndProjectSection
EndProject
Project("{8BC9CEB8-8B4A-11D0-8D11-00A0C91BC942}") = "OpenGL_Window", "OpenGL_Window.vcxproj", "{F511B651-05ED-384F-821B-E651E554E989}"
EndProject
Project("{8BC9CEB8-8B4A-11D0-8D11-00A0C91BC942}") = "gwen", "gwen.vcxproj", "{8C65C630-534E-214F-B00A-DF365E33DCC9}"
EndProject
Project("{8BC9CEB8-8B4A-11D0-8D11-00A0C91BC942}") = "App_HelloWorld", "App_HelloWorld.vcxproj", "{0B5EFF52-7A97-1742-AEA2-29E857085EDC}"
	ProjectSection(ProjectDependencies) = postProject
		{9D1BDE2F-87CD-144F-9CD4-9C34DACF162C} = {9D1BDE2F-87CD-144F-9CD4-9C34DACF162C}
		{EF6BD97B-32F1-AE4E-975B-BEC5D6BFBACA} = {EF6BD97B-32F1-AE4E-975B-BEC5D6BFBACA}
		{88E83EF1-31F9-D147-A8EA-F9F5C1A1A214} = {88E83EF1-31F9-D147-A8EA-F9F5C1A1A214}
	EndProjectSection
EndProject
Project("{8BC9CEB8-8B4A-11D0-8D11-00A0C91BC942}") = "App_BasicExample", "App_BasicExample.vcxproj", "{5AA989A7-C8D2-B848-A192-C7959E375515}"
	ProjectSection(ProjectDependencies) = postProject
		{9D1BDE2F-87CD-144F-9CD4-9C34DACF162C} = {9D1BDE2F-87CD-144F-9CD4-9C34DACF162C}
		{EF6BD97B-32F1-AE4E-975B-BEC5D6BFBACA} = {EF6BD97B-32F1-AE4E-975B-BEC5D6BFBACA}
		{88E83EF1-31F9-D147-A8EA-F9F5C1A1A214} = {88E83EF1-31F9-D147-A8EA-F9F5C1A1A214}
	EndProjectSection
EndProject
Project("{8BC9CEB8-8B4A-11D0-8D11-00A0C91BC942}") = "App_SharedMemoryPhysics", "App_SharedMemoryPhysics.vcxproj", "{07348009-901F-B84C-B35C-893175AA96A0}"
	ProjectSection(ProjectDependencies) = postProject
		{117CC784-5FAB-BD43-A0B4-7A20030C083D} = {117CC784-5FAB-BD43-A0B4-7A20030C083D}
		{9D1BDE2F-87CD-144F-9CD4-9C34DACF162C} = {9D1BDE2F-87CD-144F-9CD4-9C34DACF162C}
		{EF6BD97B-32F1-AE4E-975B-BEC5D6BFBACA} = {EF6BD97B-32F1-AE4E-975B-BEC5D6BFBACA}
		{88E83EF1-31F9-D147-A8EA-F9F5C1A1A214} = {88E83EF1-31F9-D147-A8EA-F9F5C1A1A214}
	EndProjectSection
EndProject
Project("{8BC9CEB8-8B4A-11D0-8D11-00A0C91BC942}") = "App_ThreadingTest", "App_ThreadingTest.vcxproj", "{A4B4CEAB-9C81-E54C-BE3D-28BFC0428DB3}"
	ProjectSection(ProjectDependencies) = postProject
		{117CC784-5FAB-BD43-A0B4-7A20030C083D} = {117CC784-5FAB-BD43-A0B4-7A20030C083D}
	EndProjectSection
EndProject
Project("{8BC9CEB8-8B4A-11D0-8D11-00A0C91BC942}") = "Test_SharedMemoryPhysicsClient", "Test_SharedMemoryPhysicsClient.vcxproj", "{AF083500-15A6-6940-9796-E31EB7A0FF75}"
	ProjectSection(ProjectDependencies) = postProject
		{3B816DFB-1E48-6249-A32E-95DCA476C852} = {3B816DFB-1E48-6249-A32E-95DCA476C852}
		{117CC784-5FAB-BD43-A0B4-7A20030C083D} = {117CC784-5FAB-BD43-A0B4-7A20030C083D}
		{88E83EF1-31F9-D147-A8EA-F9F5C1A1A214} = {88E83EF1-31F9-D147-A8EA-F9F5C1A1A214}
	EndProjectSection
EndProject
Project("{8BC9CEB8-8B4A-11D0-8D11-00A0C91BC942}") = "Test_PhysicsServerLoopBack", "Test_PhysicsServerLoopBack.vcxproj", "{69CB5524-6C2A-6740-977F-ACC84E169EEF}"
	ProjectSection(ProjectDependencies) = postProject
		{3B816DFB-1E48-6249-A32E-95DCA476C852} = {3B816DFB-1E48-6249-A32E-95DCA476C852}
		{E1EE5DF2-6FE6-7640-B6AC-97B593AE437C} = {E1EE5DF2-6FE6-7640-B6AC-97B593AE437C}
		{117CC784-5FAB-BD43-A0B4-7A20030C083D} = {117CC784-5FAB-BD43-A0B4-7A20030C083D}
		{9D1BDE2F-87CD-144F-9CD4-9C34DACF162C} = {9D1BDE2F-87CD-144F-9CD4-9C34DACF162C}
		{EF6BD97B-32F1-AE4E-975B-BEC5D6BFBACA} = {EF6BD97B-32F1-AE4E-975B-BEC5D6BFBACA}
		{88E83EF1-31F9-D147-A8EA-F9F5C1A1A214} = {88E83EF1-31F9-D147-A8EA-F9F5C1A1A214}
	EndProjectSection
EndProject
Project("{8BC9CEB8-8B4A-11D0-8D11-00A0C91BC942}") = "Test_PhysicsServerDirect", "Test_PhysicsServerDirect.vcxproj", "{764C8517-A9CA-7B48-A8E5-21D3E6592E57}"
	ProjectSection(ProjectDependencies) = postProject
		{3B816DFB-1E48-6249-A32E-95DCA476C852} = {3B816DFB-1E48-6249-A32E-95DCA476C852}
		{E1EE5DF2-6FE6-7640-B6AC-97B593AE437C} = {E1EE5DF2-6FE6-7640-B6AC-97B593AE437C}
		{117CC784-5FAB-BD43-A0B4-7A20030C083D} = {117CC784-5FAB-BD43-A0B4-7A20030C083D}
		{9D1BDE2F-87CD-144F-9CD4-9C34DACF162C} = {9D1BDE2F-87CD-144F-9CD4-9C34DACF162C}
		{EF6BD97B-32F1-AE4E-975B-BEC5D6BFBACA} = {EF6BD97B-32F1-AE4E-975B-BEC5D6BFBACA}
		{88E83EF1-31F9-D147-A8EA-F9F5C1A1A214} = {88E83EF1-31F9-D147-A8EA-F9F5C1A1A214}
	EndProjectSection
EndProject
Project("{8BC9CEB8-8B4A-11D0-8D11-00A0C91BC942}") = "Test_LinearMath", "Test_LinearMath.vcxproj", "{D43557A7-BEFA-D446-B7B8-D27A8C3FE5CE}"
	ProjectSection(ProjectDependencies) = postProject
		{9D1BDE2F-87CD-144F-9CD4-9C34DACF162C} = {9D1BDE2F-87CD-144F-9CD4-9C34DACF162C}
		{EF6BD97B-32F1-AE4E-975B-BEC5D6BFBACA} = {EF6BD97B-32F1-AE4E-975B-BEC5D6BFBACA}
		{88E83EF1-31F9-D147-A8EA-F9F5C1A1A214} = {88E83EF1-31F9-D147-A8EA-F9F5C1A1A214}
	EndProjectSection
EndProject
Project("{8BC9CEB8-8B4A-11D0-8D11-00A0C91BC942}") = "gtest", "gtest.vcxproj", "{8F20C4BC-56AC-BF4C-8351-87C9E1245592}"
EndProject
Project("{8BC9CEB8-8B4A-11D0-8D11-00A0C91BC942}") = "Test_BulletCollision", "Test_BulletCollision.vcxproj", "{C6B949EB-CF22-6F41-9AF3-BC52353B540D}"
	ProjectSection(ProjectDependencies) = postProject
		{88E83EF1-31F9-D147-A8EA-F9F5C1A1A214} = {88E83EF1-31F9-D147-A8EA-F9F5C1A1A214}
		{8F20C4BC-56AC-BF4C-8351-87C9E1245592} = {8F20C4BC-56AC-BF4C-8351-87C9E1245592}
	EndProjectSection
EndProject
Project("{8BC9CEB8-8B4A-11D0-8D11-00A0C91BC942}") = "Test_BulletDynamics", "Test_BulletDynamics.vcxproj", "{B13ED62F-5DDD-854F-B75D-122826F6E6AE}"
	ProjectSection(ProjectDependencies) = postProject
		{9D1BDE2F-87CD-144F-9CD4-9C34DACF162C} = {9D1BDE2F-87CD-144F-9CD4-9C34DACF162C}
		{EF6BD97B-32F1-AE4E-975B-BEC5D6BFBACA} = {EF6BD97B-32F1-AE4E-975B-BEC5D6BFBACA}
		{88E83EF1-31F9-D147-A8EA-F9F5C1A1A214} = {88E83EF1-31F9-D147-A8EA-F9F5C1A1A214}
		{8F20C4BC-56AC-BF4C-8351-87C9E1245592} = {8F20C4BC-56AC-BF4C-8351-87C9E1245592}
	EndProjectSection
EndProject
Project("{8BC9CEB8-8B4A-11D0-8D11-00A0C91BC942}") = "Test_InverseDynamicsKinematics", "Test_InverseDynamicsKinematics.vcxproj", "{71BD3F4F-6A96-6E45-BFB1-72A9E01E2FB7}"
	ProjectSection(ProjectDependencies) = postProject
		{3D6603D8-5768-134F-9C9A-E36BD5DDE7C6} = {3D6603D8-5768-134F-9C9A-E36BD5DDE7C6}
		{0291C683-F8FA-D249-B119-E8C31F3D23B3} = {0291C683-F8FA-D249-B119-E8C31F3D23B3}
		{117CC784-5FAB-BD43-A0B4-7A20030C083D} = {117CC784-5FAB-BD43-A0B4-7A20030C083D}
		{88E83EF1-31F9-D147-A8EA-F9F5C1A1A214} = {88E83EF1-31F9-D147-A8EA-F9F5C1A1A214}
		{8F20C4BC-56AC-BF4C-8351-87C9E1245592} = {8F20C4BC-56AC-BF4C-8351-87C9E1245592}
	EndProjectSection
EndProject
Project("{8BC9CEB8-8B4A-11D0-8D11-00A0C91BC942}") = "Test_InverseForwardDynamics", "Test_InverseForwardDynamics.vcxproj", "{3B3F0FC1-E401-8642-8367-D2E72E0F6932}"
	ProjectSection(ProjectDependencies) = postProject
		{9D1BDE2F-87CD-144F-9CD4-9C34DACF162C} = {9D1BDE2F-87CD-144F-9CD4-9C34DACF162C}
		{EF6BD97B-32F1-AE4E-975B-BEC5D6BFBACA} = {EF6BD97B-32F1-AE4E-975B-BEC5D6BFBACA}
		{3D6603D8-5768-134F-9C9A-E36BD5DDE7C6} = {3D6603D8-5768-134F-9C9A-E36BD5DDE7C6}
		{0291C683-F8FA-D249-B119-E8C31F3D23B3} = {0291C683-F8FA-D249-B119-E8C31F3D23B3}
		{117CC784-5FAB-BD43-A0B4-7A20030C083D} = {117CC784-5FAB-BD43-A0B4-7A20030C083D}
		{88E83EF1-31F9-D147-A8EA-F9F5C1A1A214} = {88E83EF1-31F9-D147-A8EA-F9F5C1A1A214}
		{8F20C4BC-56AC-BF4C-8351-87C9E1245592} = {8F20C4BC-56AC-BF4C-8351-87C9E1245592}
	EndProjectSection
EndProject
Project("{8BC9CEB8-8B4A-11D0-8D11-00A0C91BC942}") = "Test_OpenCL_Bullet3", "Test_OpenCL_Bullet3.vcxproj", "{4F193AA9-5769-904C-AB0E-14FA7BA27A64}"
	ProjectSection(ProjectDependencies) = postProject
		{8F20C4BC-56AC-BF4C-8351-87C9E1245592} = {8F20C4BC-56AC-BF4C-8351-87C9E1245592}
		{CB3F626D-5A55-024E-973E-E14E292AACC1} = {CB3F626D-5A55-024E-973E-E14E292AACC1}
		{117CC784-5FAB-BD43-A0B4-7A20030C083D} = {117CC784-5FAB-BD43-A0B4-7A20030C083D}
	EndProjectSection
EndProject
Project("{8BC9CEB8-8B4A-11D0-8D11-00A0C91BC942}") = "Test_Gwen_OpenGL", "Test_Gwen_OpenGL.vcxproj", "{AA04B3BB-7C1B-7A4E-A6D3-8437FE9C2D27}"
	ProjectSection(ProjectDependencies) = postProject
		{8C65C630-534E-214F-B00A-DF365E33DCC9} = {8C65C630-534E-214F-B00A-DF365E33DCC9}
	EndProjectSection
EndProject
Project("{8BC9CEB8-8B4A-11D0-8D11-00A0C91BC942}") = "BulletInverseDynamics", "BulletInverseDynamics.vcxproj", "{0291C683-F8FA-D249-B119-E8C31F3D23B3}"
EndProject
Project("{8BC9CEB8-8B4A-11D0-8D11-00A0C91BC942}") = "BulletSoftBody", "BulletSoftBody.vcxproj", "{CF06A09B-1078-F947-B0DD-A6D92CB59AAB}"
EndProject
Project("{8BC9CEB8-8B4A-11D0-8D11-00A0C91BC942}") = "BulletDynamics", "BulletDynamics.vcxproj", "{9D1BDE2F-87CD-144F-9CD4-9C34DACF162C}"
EndProject
Project("{8BC9CEB8-8B4A-11D0-8D11-00A0C91BC942}") = "BulletCollision", "BulletCollision.vcxproj", "{EF6BD97B-32F1-AE4E-975B-BEC5D6BFBACA}"
EndProject
Project("{8BC9CEB8-8B4A-11D0-8D11-00A0C91BC942}") = "LinearMath", "LinearMath.vcxproj", "{88E83EF1-31F9-D147-A8EA-F9F5C1A1A214}"
EndProject
Global
	GlobalSection(SolutionConfigurationPlatforms) = preSolution
		Release|Win32 = Release|Win32
		Release|x64 = Release|x64
		Debug|Win32 = Debug|Win32
		Debug|x64 = Debug|x64
	EndGlobalSection
	GlobalSection(ProjectConfigurationPlatforms) = postSolution
		{117CC784-5FAB-BD43-A0B4-7A20030C083D}.Release|Win32.ActiveCfg = Release|Win32
		{117CC784-5FAB-BD43-A0B4-7A20030C083D}.Release|Win32.Build.0 = Release|Win32
		{117CC784-5FAB-BD43-A0B4-7A20030C083D}.Release|x64.ActiveCfg = Release|x64
		{117CC784-5FAB-BD43-A0B4-7A20030C083D}.Release|x64.Build.0 = Release|x64
		{117CC784-5FAB-BD43-A0B4-7A20030C083D}.Debug|Win32.ActiveCfg = Debug|Win32
		{117CC784-5FAB-BD43-A0B4-7A20030C083D}.Debug|Win32.Build.0 = Debug|Win32
		{117CC784-5FAB-BD43-A0B4-7A20030C083D}.Debug|x64.ActiveCfg = Debug|x64
		{117CC784-5FAB-BD43-A0B4-7A20030C083D}.Debug|x64.Build.0 = Debug|x64
		{40E8E96B-0954-8B4D-BE52-2A6CA6186694}.Release|Win32.ActiveCfg = Release|Win32
		{40E8E96B-0954-8B4D-BE52-2A6CA6186694}.Release|Win32.Build.0 = Release|Win32
		{40E8E96B-0954-8B4D-BE52-2A6CA6186694}.Release|x64.ActiveCfg = Release|x64
		{40E8E96B-0954-8B4D-BE52-2A6CA6186694}.Release|x64.Build.0 = Release|x64
		{40E8E96B-0954-8B4D-BE52-2A6CA6186694}.Debug|Win32.ActiveCfg = Debug|Win32
		{40E8E96B-0954-8B4D-BE52-2A6CA6186694}.Debug|Win32.Build.0 = Debug|Win32
		{40E8E96B-0954-8B4D-BE52-2A6CA6186694}.Debug|x64.ActiveCfg = Debug|x64
		{40E8E96B-0954-8B4D-BE52-2A6CA6186694}.Debug|x64.Build.0 = Debug|x64
		{07501E17-51B5-A747-A052-9A7550339695}.Release|Win32.ActiveCfg = Release|Win32
		{07501E17-51B5-A747-A052-9A7550339695}.Release|Win32.Build.0 = Release|Win32
		{07501E17-51B5-A747-A052-9A7550339695}.Release|x64.ActiveCfg = Release|x64
		{07501E17-51B5-A747-A052-9A7550339695}.Release|x64.Build.0 = Release|x64
		{07501E17-51B5-A747-A052-9A7550339695}.Debug|Win32.ActiveCfg = Debug|Win32
		{07501E17-51B5-A747-A052-9A7550339695}.Debug|Win32.Build.0 = Debug|Win32
		{07501E17-51B5-A747-A052-9A7550339695}.Debug|x64.ActiveCfg = Debug|x64
		{07501E17-51B5-A747-A052-9A7550339695}.Debug|x64.Build.0 = Debug|x64
		{CE3D209A-993E-4943-994B-CFC011C711A8}.Release|Win32.ActiveCfg = Release|Win32
		{CE3D209A-993E-4943-994B-CFC011C711A8}.Release|Win32.Build.0 = Release|Win32
		{CE3D209A-993E-4943-994B-CFC011C711A8}.Release|x64.ActiveCfg = Release|x64
		{CE3D209A-993E-4943-994B-CFC011C711A8}.Release|x64.Build.0 = Release|x64
		{CE3D209A-993E-4943-994B-CFC011C711A8}.Debug|Win32.ActiveCfg = Debug|Win32
		{CE3D209A-993E-4943-994B-CFC011C711A8}.Debug|Win32.Build.0 = Debug|Win32
		{CE3D209A-993E-4943-994B-CFC011C711A8}.Debug|x64.ActiveCfg = Debug|x64
		{CE3D209A-993E-4943-994B-CFC011C711A8}.Debug|x64.Build.0 = Debug|x64
		{CB3F626D-5A55-024E-973E-E14E292AACC1}.Release|Win32.ActiveCfg = Release|Win32
		{CB3F626D-5A55-024E-973E-E14E292AACC1}.Release|Win32.Build.0 = Release|Win32
		{CB3F626D-5A55-024E-973E-E14E292AACC1}.Release|x64.ActiveCfg = Release|x64
		{CB3F626D-5A55-024E-973E-E14E292AACC1}.Release|x64.Build.0 = Release|x64
		{CB3F626D-5A55-024E-973E-E14E292AACC1}.Debug|Win32.ActiveCfg = Debug|Win32
		{CB3F626D-5A55-024E-973E-E14E292AACC1}.Debug|Win32.Build.0 = Debug|Win32
		{CB3F626D-5A55-024E-973E-E14E292AACC1}.Debug|x64.ActiveCfg = Debug|x64
		{CB3F626D-5A55-024E-973E-E14E292AACC1}.Debug|x64.Build.0 = Debug|x64
		{994FD754-C7B0-924E-A620-E0FB0C95400B}.Release|Win32.ActiveCfg = Release|Win32
		{994FD754-C7B0-924E-A620-E0FB0C95400B}.Release|Win32.Build.0 = Release|Win32
		{994FD754-C7B0-924E-A620-E0FB0C95400B}.Release|x64.ActiveCfg = Release|x64
		{994FD754-C7B0-924E-A620-E0FB0C95400B}.Release|x64.Build.0 = Release|x64
		{994FD754-C7B0-924E-A620-E0FB0C95400B}.Debug|Win32.ActiveCfg = Debug|Win32
		{994FD754-C7B0-924E-A620-E0FB0C95400B}.Debug|Win32.Build.0 = Debug|Win32
		{994FD754-C7B0-924E-A620-E0FB0C95400B}.Debug|x64.ActiveCfg = Debug|x64
		{994FD754-C7B0-924E-A620-E0FB0C95400B}.Debug|x64.Build.0 = Debug|x64
		{AAC7EADF-B7EA-5043-A16E-D3488929D738}.Release|Win32.ActiveCfg = Release|Win32
		{AAC7EADF-B7EA-5043-A16E-D3488929D738}.Release|Win32.Build.0 = Release|Win32
		{AAC7EADF-B7EA-5043-A16E-D3488929D738}.Release|x64.ActiveCfg = Release|x64
		{AAC7EADF-B7EA-5043-A16E-D3488929D738}.Release|x64.Build.0 = Release|x64
		{AAC7EADF-B7EA-5043-A16E-D3488929D738}.Debug|Win32.ActiveCfg = Debug|Win32
		{AAC7EADF-B7EA-5043-A16E-D3488929D738}.Debug|Win32.Build.0 = Debug|Win32
		{AAC7EADF-B7EA-5043-A16E-D3488929D738}.Debug|x64.ActiveCfg = Debug|x64
		{AAC7EADF-B7EA-5043-A16E-D3488929D738}.Debug|x64.Build.0 = Debug|x64
		{B19A7BD0-F536-B04E-AF72-AE154D1B9570}.Release|Win32.ActiveCfg = Release|Win32
		{B19A7BD0-F536-B04E-AF72-AE154D1B9570}.Release|Win32.Build.0 = Release|Win32
		{B19A7BD0-F536-B04E-AF72-AE154D1B9570}.Release|x64.ActiveCfg = Release|x64
		{B19A7BD0-F536-B04E-AF72-AE154D1B9570}.Release|x64.Build.0 = Release|x64
		{B19A7BD0-F536-B04E-AF72-AE154D1B9570}.Debug|Win32.ActiveCfg = Debug|Win32
		{B19A7BD0-F536-B04E-AF72-AE154D1B9570}.Debug|Win32.Build.0 = Debug|Win32
		{B19A7BD0-F536-B04E-AF72-AE154D1B9570}.Debug|x64.ActiveCfg = Debug|x64
		{B19A7BD0-F536-B04E-AF72-AE154D1B9570}.Debug|x64.Build.0 = Debug|x64
		{3D6603D8-5768-134F-9C9A-E36BD5DDE7C6}.Release|Win32.ActiveCfg = Release|Win32
		{3D6603D8-5768-134F-9C9A-E36BD5DDE7C6}.Release|Win32.Build.0 = Release|Win32
		{3D6603D8-5768-134F-9C9A-E36BD5DDE7C6}.Release|x64.ActiveCfg = Release|x64
		{3D6603D8-5768-134F-9C9A-E36BD5DDE7C6}.Release|x64.Build.0 = Release|x64
		{3D6603D8-5768-134F-9C9A-E36BD5DDE7C6}.Debug|Win32.ActiveCfg = Debug|Win32
		{3D6603D8-5768-134F-9C9A-E36BD5DDE7C6}.Debug|Win32.Build.0 = Debug|Win32
		{3D6603D8-5768-134F-9C9A-E36BD5DDE7C6}.Debug|x64.ActiveCfg = Debug|x64
		{3D6603D8-5768-134F-9C9A-E36BD5DDE7C6}.Debug|x64.Build.0 = Debug|x64
		{3B816DFB-1E48-6249-A32E-95DCA476C852}.Release|Win32.ActiveCfg = Release|Win32
		{3B816DFB-1E48-6249-A32E-95DCA476C852}.Release|Win32.Build.0 = Release|Win32
		{3B816DFB-1E48-6249-A32E-95DCA476C852}.Release|x64.ActiveCfg = Release|x64
		{3B816DFB-1E48-6249-A32E-95DCA476C852}.Release|x64.Build.0 = Release|x64
		{3B816DFB-1E48-6249-A32E-95DCA476C852}.Debug|Win32.ActiveCfg = Debug|Win32
		{3B816DFB-1E48-6249-A32E-95DCA476C852}.Debug|Win32.Build.0 = Debug|Win32
		{3B816DFB-1E48-6249-A32E-95DCA476C852}.Debug|x64.ActiveCfg = Debug|x64
		{3B816DFB-1E48-6249-A32E-95DCA476C852}.Debug|x64.Build.0 = Debug|x64
		{E1EE5DF2-6FE6-7640-B6AC-97B593AE437C}.Release|Win32.ActiveCfg = Release|Win32
		{E1EE5DF2-6FE6-7640-B6AC-97B593AE437C}.Release|Win32.Build.0 = Release|Win32
		{E1EE5DF2-6FE6-7640-B6AC-97B593AE437C}.Release|x64.ActiveCfg = Release|x64
		{E1EE5DF2-6FE6-7640-B6AC-97B593AE437C}.Release|x64.Build.0 = Release|x64
		{E1EE5DF2-6FE6-7640-B6AC-97B593AE437C}.Debug|Win32.ActiveCfg = Debug|Win32
		{E1EE5DF2-6FE6-7640-B6AC-97B593AE437C}.Debug|Win32.Build.0 = Debug|Win32
		{E1EE5DF2-6FE6-7640-B6AC-97B593AE437C}.Debug|x64.ActiveCfg = Debug|x64
		{E1EE5DF2-6FE6-7640-B6AC-97B593AE437C}.Debug|x64.Build.0 = Debug|x64
		{DF3557F2-7E14-FA43-B854-3826595EA0E5}.Release|Win32.ActiveCfg = Release|Win32
		{DF3557F2-7E14-FA43-B854-3826595EA0E5}.Release|Win32.Build.0 = Release|Win32
		{DF3557F2-7E14-FA43-B854-3826595EA0E5}.Release|x64.ActiveCfg = Release|x64
		{DF3557F2-7E14-FA43-B854-3826595EA0E5}.Release|x64.Build.0 = Release|x64
		{DF3557F2-7E14-FA43-B854-3826595EA0E5}.Debug|Win32.ActiveCfg = Debug|Win32
		{DF3557F2-7E14-FA43-B854-3826595EA0E5}.Debug|Win32.Build.0 = Debug|Win32
		{DF3557F2-7E14-FA43-B854-3826595EA0E5}.Debug|x64.ActiveCfg = Debug|x64
		{DF3557F2-7E14-FA43-B854-3826595EA0E5}.Debug|x64.Build.0 = Debug|x64
		{CE835817-25B8-D144-8495-721C55776251}.Release|Win32.ActiveCfg = Release|Win32
		{CE835817-25B8-D144-8495-721C55776251}.Release|Win32.Build.0 = Release|Win32
		{CE835817-25B8-D144-8495-721C55776251}.Release|x64.ActiveCfg = Release|x64
		{CE835817-25B8-D144-8495-721C55776251}.Release|x64.Build.0 = Release|x64
		{CE835817-25B8-D144-8495-721C55776251}.Debug|Win32.ActiveCfg = Debug|Win32
		{CE835817-25B8-D144-8495-721C55776251}.Debug|Win32.Build.0 = Debug|Win32
		{CE835817-25B8-D144-8495-721C55776251}.Debug|x64.ActiveCfg = Debug|x64
		{CE835817-25B8-D144-8495-721C55776251}.Debug|x64.Build.0 = Debug|x64
		{F511B651-05ED-384F-821B-E651E554E989}.Release|Win32.ActiveCfg = Release|Win32
		{F511B651-05ED-384F-821B-E651E554E989}.Release|Win32.Build.0 = Release|Win32
		{F511B651-05ED-384F-821B-E651E554E989}.Release|x64.ActiveCfg = Release|x64
		{F511B651-05ED-384F-821B-E651E554E989}.Release|x64.Build.0 = Release|x64
		{F511B651-05ED-384F-821B-E651E554E989}.Debug|Win32.ActiveCfg = Debug|Win32
		{F511B651-05ED-384F-821B-E651E554E989}.Debug|Win32.Build.0 = Debug|Win32
		{F511B651-05ED-384F-821B-E651E554E989}.Debug|x64.ActiveCfg = Debug|x64
		{F511B651-05ED-384F-821B-E651E554E989}.Debug|x64.Build.0 = Debug|x64
		{8C65C630-534E-214F-B00A-DF365E33DCC9}.Release|Win32.ActiveCfg = Release|Win32
		{8C65C630-534E-214F-B00A-DF365E33DCC9}.Release|Win32.Build.0 = Release|Win32
		{8C65C630-534E-214F-B00A-DF365E33DCC9}.Release|x64.ActiveCfg = Release|x64
		{8C65C630-534E-214F-B00A-DF365E33DCC9}.Release|x64.Build.0 = Release|x64
		{8C65C630-534E-214F-B00A-DF365E33DCC9}.Debug|Win32.ActiveCfg = Debug|Win32
		{8C65C630-534E-214F-B00A-DF365E33DCC9}.Debug|Win32.Build.0 = Debug|Win32
		{8C65C630-534E-214F-B00A-DF365E33DCC9}.Debug|x64.ActiveCfg = Debug|x64
		{8C65C630-534E-214F-B00A-DF365E33DCC9}.Debug|x64.Build.0 = Debug|x64
		{0B5EFF52-7A97-1742-AEA2-29E857085EDC}.Release|Win32.ActiveCfg = Release|Win32
		{0B5EFF52-7A97-1742-AEA2-29E857085EDC}.Release|Win32.Build.0 = Release|Win32
		{0B5EFF52-7A97-1742-AEA2-29E857085EDC}.Release|x64.ActiveCfg = Release|x64
		{0B5EFF52-7A97-1742-AEA2-29E857085EDC}.Release|x64.Build.0 = Release|x64
		{0B5EFF52-7A97-1742-AEA2-29E857085EDC}.Debug|Win32.ActiveCfg = Debug|Win32
		{0B5EFF52-7A97-1742-AEA2-29E857085EDC}.Debug|Win32.Build.0 = Debug|Win32
		{0B5EFF52-7A97-1742-AEA2-29E857085EDC}.Debug|x64.ActiveCfg = Debug|x64
		{0B5EFF52-7A97-1742-AEA2-29E857085EDC}.Debug|x64.Build.0 = Debug|x64
		{5AA989A7-C8D2-B848-A192-C7959E375515}.Release|Win32.ActiveCfg = Release|Win32
		{5AA989A7-C8D2-B848-A192-C7959E375515}.Release|Win32.Build.0 = Release|Win32
		{5AA989A7-C8D2-B848-A192-C7959E375515}.Release|x64.ActiveCfg = Release|x64
		{5AA989A7-C8D2-B848-A192-C7959E375515}.Release|x64.Build.0 = Release|x64
		{5AA989A7-C8D2-B848-A192-C7959E375515}.Debug|Win32.ActiveCfg = Debug|Win32
		{5AA989A7-C8D2-B848-A192-C7959E375515}.Debug|Win32.Build.0 = Debug|Win32
		{5AA989A7-C8D2-B848-A192-C7959E375515}.Debug|x64.ActiveCfg = Debug|x64
		{5AA989A7-C8D2-B848-A192-C7959E375515}.Debug|x64.Build.0 = Debug|x64
		{07348009-901F-B84C-B35C-893175AA96A0}.Release|Win32.ActiveCfg = Release|Win32
		{07348009-901F-B84C-B35C-893175AA96A0}.Release|Win32.Build.0 = Release|Win32
		{07348009-901F-B84C-B35C-893175AA96A0}.Release|x64.ActiveCfg = Release|x64
		{07348009-901F-B84C-B35C-893175AA96A0}.Release|x64.Build.0 = Release|x64
		{07348009-901F-B84C-B35C-893175AA96A0}.Debug|Win32.ActiveCfg = Debug|Win32
		{07348009-901F-B84C-B35C-893175AA96A0}.Debug|Win32.Build.0 = Debug|Win32
		{07348009-901F-B84C-B35C-893175AA96A0}.Debug|x64.ActiveCfg = Debug|x64
		{07348009-901F-B84C-B35C-893175AA96A0}.Debug|x64.Build.0 = Debug|x64
		{A4B4CEAB-9C81-E54C-BE3D-28BFC0428DB3}.Release|Win32.ActiveCfg = Release|Win32
		{A4B4CEAB-9C81-E54C-BE3D-28BFC0428DB3}.Release|Win32.Build.0 = Release|Win32
		{A4B4CEAB-9C81-E54C-BE3D-28BFC0428DB3}.Release|x64.ActiveCfg = Release|x64
		{A4B4CEAB-9C81-E54C-BE3D-28BFC0428DB3}.Release|x64.Build.0 = Release|x64
		{A4B4CEAB-9C81-E54C-BE3D-28BFC0428DB3}.Debug|Win32.ActiveCfg = Debug|Win32
		{A4B4CEAB-9C81-E54C-BE3D-28BFC0428DB3}.Debug|Win32.Build.0 = Debug|Win32
		{A4B4CEAB-9C81-E54C-BE3D-28BFC0428DB3}.Debug|x64.ActiveCfg = Debug|x64
		{A4B4CEAB-9C81-E54C-BE3D-28BFC0428DB3}.Debug|x64.Build.0 = Debug|x64
		{AF083500-15A6-6940-9796-E31EB7A0FF75}.Release|Win32.ActiveCfg = Release|Win32
		{AF083500-15A6-6940-9796-E31EB7A0FF75}.Release|Win32.Build.0 = Release|Win32
		{AF083500-15A6-6940-9796-E31EB7A0FF75}.Release|x64.ActiveCfg = Release|x64
		{AF083500-15A6-6940-9796-E31EB7A0FF75}.Release|x64.Build.0 = Release|x64
		{AF083500-15A6-6940-9796-E31EB7A0FF75}.Debug|Win32.ActiveCfg = Debug|Win32
		{AF083500-15A6-6940-9796-E31EB7A0FF75}.Debug|Win32.Build.0 = Debug|Win32
		{AF083500-15A6-6940-9796-E31EB7A0FF75}.Debug|x64.ActiveCfg = Debug|x64
		{AF083500-15A6-6940-9796-E31EB7A0FF75}.Debug|x64.Build.0 = Debug|x64
		{69CB5524-6C2A-6740-977F-ACC84E169EEF}.Release|Win32.ActiveCfg = Release|Win32
		{69CB5524-6C2A-6740-977F-ACC84E169EEF}.Release|Win32.Build.0 = Release|Win32
		{69CB5524-6C2A-6740-977F-ACC84E169EEF}.Release|x64.ActiveCfg = Release|x64
		{69CB5524-6C2A-6740-977F-ACC84E169EEF}.Release|x64.Build.0 = Release|x64
		{69CB5524-6C2A-6740-977F-ACC84E169EEF}.Debug|Win32.ActiveCfg = Debug|Win32
		{69CB5524-6C2A-6740-977F-ACC84E169EEF}.Debug|Win32.Build.0 = Debug|Win32
		{69CB5524-6C2A-6740-977F-ACC84E169EEF}.Debug|x64.ActiveCfg = Debug|x64
		{69CB5524-6C2A-6740-977F-ACC84E169EEF}.Debug|x64.Build.0 = Debug|x64
		{764C8517-A9CA-7B48-A8E5-21D3E6592E57}.Release|Win32.ActiveCfg = Release|Win32
		{764C8517-A9CA-7B48-A8E5-21D3E6592E57}.Release|Win32.Build.0 = Release|Win32
		{764C8517-A9CA-7B48-A8E5-21D3E6592E57}.Release|x64.ActiveCfg = Release|x64
		{764C8517-A9CA-7B48-A8E5-21D3E6592E57}.Release|x64.Build.0 = Release|x64
		{764C8517-A9CA-7B48-A8E5-21D3E6592E57}.Debug|Win32.ActiveCfg = Debug|Win32
		{764C8517-A9CA-7B48-A8E5-21D3E6592E57}.Debug|Win32.Build.0 = Debug|Win32
		{764C8517-A9CA-7B48-A8E5-21D3E6592E57}.Debug|x64.ActiveCfg = Debug|x64
		{764C8517-A9CA-7B48-A8E5-21D3E6592E57}.Debug|x64.Build.0 = Debug|x64
		{D43557A7-BEFA-D446-B7B8-D27A8C3FE5CE}.Release|Win32.ActiveCfg = Release|Win32
		{D43557A7-BEFA-D446-B7B8-D27A8C3FE5CE}.Release|Win32.Build.0 = Release|Win32
		{D43557A7-BEFA-D446-B7B8-D27A8C3FE5CE}.Release|x64.ActiveCfg = Release|x64
		{D43557A7-BEFA-D446-B7B8-D27A8C3FE5CE}.Release|x64.Build.0 = Release|x64
		{D43557A7-BEFA-D446-B7B8-D27A8C3FE5CE}.Debug|Win32.ActiveCfg = Debug|Win32
		{D43557A7-BEFA-D446-B7B8-D27A8C3FE5CE}.Debug|Win32.Build.0 = Debug|Win32
		{D43557A7-BEFA-D446-B7B8-D27A8C3FE5CE}.Debug|x64.ActiveCfg = Debug|x64
		{D43557A7-BEFA-D446-B7B8-D27A8C3FE5CE}.Debug|x64.Build.0 = Debug|x64
		{8F20C4BC-56AC-BF4C-8351-87C9E1245592}.Release|Win32.ActiveCfg = Release|Win32
		{8F20C4BC-56AC-BF4C-8351-87C9E1245592}.Release|Win32.Build.0 = Release|Win32
		{8F20C4BC-56AC-BF4C-8351-87C9E1245592}.Release|x64.ActiveCfg = Release|x64
		{8F20C4BC-56AC-BF4C-8351-87C9E1245592}.Release|x64.Build.0 = Release|x64
		{8F20C4BC-56AC-BF4C-8351-87C9E1245592}.Debug|Win32.ActiveCfg = Debug|Win32
		{8F20C4BC-56AC-BF4C-8351-87C9E1245592}.Debug|Win32.Build.0 = Debug|Win32
		{8F20C4BC-56AC-BF4C-8351-87C9E1245592}.Debug|x64.ActiveCfg = Debug|x64
		{8F20C4BC-56AC-BF4C-8351-87C9E1245592}.Debug|x64.Build.0 = Debug|x64
		{C6B949EB-CF22-6F41-9AF3-BC52353B540D}.Release|Win32.ActiveCfg = Release|Win32
		{C6B949EB-CF22-6F41-9AF3-BC52353B540D}.Release|Win32.Build.0 = Release|Win32
		{C6B949EB-CF22-6F41-9AF3-BC52353B540D}.Release|x64.ActiveCfg = Release|x64
		{C6B949EB-CF22-6F41-9AF3-BC52353B540D}.Release|x64.Build.0 = Release|x64
		{C6B949EB-CF22-6F41-9AF3-BC52353B540D}.Debug|Win32.ActiveCfg = Debug|Win32
		{C6B949EB-CF22-6F41-9AF3-BC52353B540D}.Debug|Win32.Build.0 = Debug|Win32
		{C6B949EB-CF22-6F41-9AF3-BC52353B540D}.Debug|x64.ActiveCfg = Debug|x64
		{C6B949EB-CF22-6F41-9AF3-BC52353B540D}.Debug|x64.Build.0 = Debug|x64
		{B13ED62F-5DDD-854F-B75D-122826F6E6AE}.Release|Win32.ActiveCfg = Release|Win32
		{B13ED62F-5DDD-854F-B75D-122826F6E6AE}.Release|Win32.Build.0 = Release|Win32
		{B13ED62F-5DDD-854F-B75D-122826F6E6AE}.Release|x64.ActiveCfg = Release|x64
		{B13ED62F-5DDD-854F-B75D-122826F6E6AE}.Release|x64.Build.0 = Release|x64
		{B13ED62F-5DDD-854F-B75D-122826F6E6AE}.Debug|Win32.ActiveCfg = Debug|Win32
		{B13ED62F-5DDD-854F-B75D-122826F6E6AE}.Debug|Win32.Build.0 = Debug|Win32
		{B13ED62F-5DDD-854F-B75D-122826F6E6AE}.Debug|x64.ActiveCfg = Debug|x64
		{B13ED62F-5DDD-854F-B75D-122826F6E6AE}.Debug|x64.Build.0 = Debug|x64
		{71BD3F4F-6A96-6E45-BFB1-72A9E01E2FB7}.Release|Win32.ActiveCfg = Release|Win32
		{71BD3F4F-6A96-6E45-BFB1-72A9E01E2FB7}.Release|Win32.Build.0 = Release|Win32
		{71BD3F4F-6A96-6E45-BFB1-72A9E01E2FB7}.Release|x64.ActiveCfg = Release|x64
		{71BD3F4F-6A96-6E45-BFB1-72A9E01E2FB7}.Release|x64.Build.0 = Release|x64
		{71BD3F4F-6A96-6E45-BFB1-72A9E01E2FB7}.Debug|Win32.ActiveCfg = Debug|Win32
		{71BD3F4F-6A96-6E45-BFB1-72A9E01E2FB7}.Debug|Win32.Build.0 = Debug|Win32
		{71BD3F4F-6A96-6E45-BFB1-72A9E01E2FB7}.Debug|x64.ActiveCfg = Debug|x64
		{71BD3F4F-6A96-6E45-BFB1-72A9E01E2FB7}.Debug|x64.Build.0 = Debug|x64
		{3B3F0FC1-E401-8642-8367-D2E72E0F6932}.Release|Win32.ActiveCfg = Release|Win32
		{3B3F0FC1-E401-8642-8367-D2E72E0F6932}.Release|Win32.Build.0 = Release|Win32
		{3B3F0FC1-E401-8642-8367-D2E72E0F6932}.Release|x64.ActiveCfg = Release|x64
		{3B3F0FC1-E401-8642-8367-D2E72E0F6932}.Release|x64.Build.0 = Release|x64
		{3B3F0FC1-E401-8642-8367-D2E72E0F6932}.Debug|Win32.ActiveCfg = Debug|Win32
		{3B3F0FC1-E401-8642-8367-D2E72E0F6932}.Debug|Win32.Build.0 = Debug|Win32
		{3B3F0FC1-E401-8642-8367-D2E72E0F6932}.Debug|x64.ActiveCfg = Debug|x64
		{3B3F0FC1-E401-8642-8367-D2E72E0F6932}.Debug|x64.Build.0 = Debug|x64
		{4F193AA9-5769-904C-AB0E-14FA7BA27A64}.Release|Win32.ActiveCfg = Release|Win32
		{4F193AA9-5769-904C-AB0E-14FA7BA27A64}.Release|Win32.Build.0 = Release|Win32
		{4F193AA9-5769-904C-AB0E-14FA7BA27A64}.Release|x64.ActiveCfg = Release|x64
		{4F193AA9-5769-904C-AB0E-14FA7BA27A64}.Release|x64.Build.0 = Release|x64
		{4F193AA9-5769-904C-AB0E-14FA7BA27A64}.Debug|Win32.ActiveCfg = Debug|Win32
		{4F193AA9-5769-904C-AB0E-14FA7BA27A64}.Debug|Win32.Build.0 = Debug|Win32
		{4F193AA9-5769-904C-AB0E-14FA7BA27A64}.Debug|x64.ActiveCfg = Debug|x64
		{4F193AA9-5769-904C-AB0E-14FA7BA27A64}.Debug|x64.Build.0 = Debug|x64
		{AA04B3BB-7C1B-7A4E-A6D3-8437FE9C2D27}.Release|Win32.ActiveCfg = Release|Win32
		{AA04B3BB-7C1B-7A4E-A6D3-8437FE9C2D27}.Release|Win32.Build.0 = Release|Win32
		{AA04B3BB-7C1B-7A4E-A6D3-8437FE9C2D27}.Release|x64.ActiveCfg = Release|x64
		{AA04B3BB-7C1B-7A4E-A6D3-8437FE9C2D27}.Release|x64.Build.0 = Release|x64
		{AA04B3BB-7C1B-7A4E-A6D3-8437FE9C2D27}.Debug|Win32.ActiveCfg = Debug|Win32
		{AA04B3BB-7C1B-7A4E-A6D3-8437FE9C2D27}.Debug|Win32.Build.0 = Debug|Win32
		{AA04B3BB-7C1B-7A4E-A6D3-8437FE9C2D27}.Debug|x64.ActiveCfg = Debug|x64
		{AA04B3BB-7C1B-7A4E-A6D3-8437FE9C2D27}.Debug|x64.Build.0 = Debug|x64
		{0291C683-F8FA-D249-B119-E8C31F3D23B3}.Release|Win32.ActiveCfg = Release|Win32
		{0291C683-F8FA-D249-B119-E8C31F3D23B3}.Release|Win32.Build.0 = Release|Win32
		{0291C683-F8FA-D249-B119-E8C31F3D23B3}.Release|x64.ActiveCfg = Release|x64
		{0291C683-F8FA-D249-B119-E8C31F3D23B3}.Release|x64.Build.0 = Release|x64
		{0291C683-F8FA-D249-B119-E8C31F3D23B3}.Debug|Win32.ActiveCfg = Debug|Win32
		{0291C683-F8FA-D249-B119-E8C31F3D23B3}.Debug|Win32.Build.0 = Debug|Win32
		{0291C683-F8FA-D249-B119-E8C31F3D23B3}.Debug|x64.ActiveCfg = Debug|x64
		{0291C683-F8FA-D249-B119-E8C31F3D23B3}.Debug|x64.Build.0 = Debug|x64
		{CF06A09B-1078-F947-B0DD-A6D92CB59AAB}.Release|Win32.ActiveCfg = Release|Win32
		{CF06A09B-1078-F947-B0DD-A6D92CB59AAB}.Release|Win32.Build.0 = Release|Win32
		{CF06A09B-1078-F947-B0DD-A6D92CB59AAB}.Release|x64.ActiveCfg = Release|x64
		{CF06A09B-1078-F947-B0DD-A6D92CB59AAB}.Release|x64.Build.0 = Release|x64
		{CF06A09B-1078-F947-B0DD-A6D92CB59AAB}.Debug|Win32.ActiveCfg = Debug|Win32
		{CF06A09B-1078-F947-B0DD-A6D92CB59AAB}.Debug|Win32.Build.0 = Debug|Win32
		{CF06A09B-1078-F947-B0DD-A6D92CB59AAB}.Debug|x64.ActiveCfg = Debug|x64
		{CF06A09B-1078-F947-B0DD-A6D92CB59AAB}.Debug|x64.Build.0 = Debug|x64
		{9D1BDE2F-87CD-144F-9CD4-9C34DACF162C}.Release|Win32.ActiveCfg = Release|Win32
		{9D1BDE2F-87CD-144F-9CD4-9C34DACF162C}.Release|Win32.Build.0 = Release|Win32
		{9D1BDE2F-87CD-144F-9CD4-9C34DACF162C}.Release|x64.ActiveCfg = Release|x64
		{9D1BDE2F-87CD-144F-9CD4-9C34DACF162C}.Release|x64.Build.0 = Release|x64
		{9D1BDE2F-87CD-144F-9CD4-9C34DACF162C}.Debug|Win32.ActiveCfg = Debug|Win32
		{9D1BDE2F-87CD-144F-9CD4-9C34DACF162C}.Debug|Win32.Build.0 = Debug|Win32
		{9D1BDE2F-87CD-144F-9CD4-9C34DACF162C}.Debug|x64.ActiveCfg = Debug|x64
		{9D1BDE2F-87CD-144F-9CD4-9C34DACF162C}.Debug|x64.Build.0 = Debug|x64
		{EF6BD97B-32F1-AE4E-975B-BEC5D6BFBACA}.Release|Win32.ActiveCfg = Release|Win32
		{EF6BD97B-32F1-AE4E-975B-BEC5D6BFBACA}.Release|Win32.Build.0 = Release|Win32
		{EF6BD97B-32F1-AE4E-975B-BEC5D6BFBACA}.Release|x64.ActiveCfg = Release|x64
		{EF6BD97B-32F1-AE4E-975B-BEC5D6BFBACA}.Release|x64.Build.0 = Release|x64
		{EF6BD97B-32F1-AE4E-975B-BEC5D6BFBACA}.Debug|Win32.ActiveCfg = Debug|Win32
		{EF6BD97B-32F1-AE4E-975B-BEC5D6BFBACA}.Debug|Win32.Build.0 = Debug|Win32
		{EF6BD97B-32F1-AE4E-975B-BEC5D6BFBACA}.Debug|x64.ActiveCfg = Debug|x64
		{EF6BD97B-32F1-AE4E-975B-BEC5D6BFBACA}.Debug|x64.Build.0 = Debug|x64
		{88E83EF1-31F9-D147-A8EA-F9F5C1A1A214}.Release|Win32.ActiveCfg = Release|Win32
		{88E83EF1-31F9-D147-A8EA-F9F5C1A1A214}.Release|Win32.Build.0 = Release|Win32
		{88E83EF1-31F9-D147-A8EA-F9F5C1A1A214}.Release|x64.ActiveCfg = Release|x64
		{88E83EF1-31F9-D147-A8EA-F9F5C1A1A214}.Release|x64.Build.0 = Release|x64
		{88E83EF1-31F9-D147-A8EA-F9F5C1A1A214}.Debug|Win32.ActiveCfg = Debug|Win32
		{88E83EF1-31F9-D147-A8EA-F9F5C1A1A214}.Debug|Win32.Build.0 = Debug|Win32
		{88E83EF1-31F9-D147-A8EA-F9F5C1A1A214}.Debug|x64.ActiveCfg = Debug|x64
		{88E83EF1-31F9-D147-A8EA-F9F5C1A1A214}.Debug|x64.Build.0 = Debug|x64
	EndGlobalSection
	GlobalSection(SolutionProperties) = preSolution
		HideSolutionNode = FALSE
	EndGlobalSection
EndGlobal
