<?xml version="1.0" encoding="utf-8"?>
<Project ToolsVersion="4.0" xmlns="http://schemas.microsoft.com/developer/msbuild/2003">
  <ItemGroup>
    <Filter Include="examples">
      <UniqueIdentifier>{D93E60F6-0ED0-DD46-903F-3B89A173714F}</UniqueIdentifier>
    </Filter>
    <Filter Include="examples\HelloWorld">
      <UniqueIdentifier>{45DD1500-5B62-E543-9831-127A194DF16E}</UniqueIdentifier>
    </Filter>
  </ItemGroup>
  <ItemGroup>
    <ClCompile Include="..\..\examples\HelloWorld\HelloWorld.cpp">
      <Filter>examples\HelloWorld</Filter>
    </ClCompile>
  </ItemGroup>
</Project>
