<?xml version="1.0" encoding="utf-8"?>
<Project ToolsVersion="4.0" xmlns="http://schemas.microsoft.com/developer/msbuild/2003">
  <ItemGroup>
    <Filter Include="Extras">
      <UniqueIdentifier>{341E211A-C6E9-A04E-BF9E-B7A4F764BB56}</UniqueIdentifier>
    </Filter>
    <Filter Include="Extras\HACD">
      <UniqueIdentifier>{BCF31587-F46D-D74C-A1EC-BDAEE09CB8BD}</UniqueIdentifier>
    </Filter>
  </ItemGroup>
  <ItemGroup>
    <ClInclude Include="..\..\Extras\HACD\hacdCircularList.h">
      <Filter>Extras\HACD</Filter>
    </ClInclude>
    <ClInclude Include="..\..\Extras\HACD\hacdGraph.h">
      <Filter>Extras\HACD</Filter>
    </ClInclude>
    <ClInclude Include="..\..\Extras\HACD\hacdHACD.h">
      <Filter>Extras\HACD</Filter>
    </ClInclude>
    <ClInclude Include="..\..\Extras\HACD\hacdICHull.h">
      <Filter>Extras\HACD</Filter>
    </ClInclude>
    <ClInclude Include="..\..\Extras\HACD\hacdManifoldMesh.h">
      <Filter>Extras\HACD</Filter>
    </ClInclude>
    <ClInclude Include="..\..\Extras\HACD\hacdVector.h">
      <Filter>Extras\HACD</Filter>
    </ClInclude>
    <ClInclude Include="..\..\Extras\HACD\hacdVersion.h">
      <Filter>Extras\HACD</Filter>
    </ClInclude>
  </ItemGroup>
  <ItemGroup>
    <ClCompile Include="..\..\Extras\HACD\hacdGraph.cpp">
      <Filter>Extras\HACD</Filter>
    </ClCompile>
    <ClCompile Include="..\..\Extras\HACD\hacdHACD.cpp">
      <Filter>Extras\HACD</Filter>
    </ClCompile>
    <ClCompile Include="..\..\Extras\HACD\hacdICHull.cpp">
      <Filter>Extras\HACD</Filter>
    </ClCompile>
    <ClCompile Include="..\..\Extras\HACD\hacdManifoldMesh.cpp">
      <Filter>Extras\HACD</Filter>
    </ClCompile>
  </ItemGroup>
</Project>
